// !$*UTF8*$!
{
	archiveVersion = 1;
	classes = {
	};
	objectVersion = 46;
	objects = {

/* Begin PBXBuildFile section */
		3F17E3DB1C98903200ECE018 /* AppDelegate.swift in Sources */ = {isa = PBXBuildFile; fileRef = 3F17E3DA1C98903200ECE018 /* AppDelegate.swift */; };
		3F17E3DD1C98903200ECE018 /* ViewController.swift in Sources */ = {isa = PBXBuildFile; fileRef = 3F17E3DC1C98903200ECE018 /* ViewController.swift */; };
		3F17E3E01C98903200ECE018 /* Main.storyboard in Resources */ = {isa = PBXBuildFile; fileRef = 3F17E3DE1C98903200ECE018 /* Main.storyboard */; };
		3F17E3E21C98903200ECE018 /* Assets.xcassets in Resources */ = {isa = PBXBuildFile; fileRef = 3F17E3E11C98903200ECE018 /* Assets.xcassets */; };
		3F17E3E51C98903200ECE018 /* LaunchScreen.storyboard in Resources */ = {isa = PBXBuildFile; fileRef = 3F17E3E31C98903200ECE018 /* LaunchScreen.storyboard */; };
		3F17E3ED1C98961800ECE018 /* Jokes.swift in Sources */ = {isa = PBXBuildFile; fileRef = 3F17E3EC1C98961800ECE018 /* Jokes.swift */; };
		3F17E3F21C989ADA00ECE018 /* Astro.png in Resources */ = {isa = PBXBuildFile; fileRef = 3F17E3EE1C989AD900ECE018 /* Astro.png */; };
		3F17E3F31C989ADA00ECE018 /* Fluffy.png in Resources */ = {isa = PBXBuildFile; fileRef = 3F17E3EF1C989AD900ECE018 /* Fluffy.png */; };
		3F17E3F41C989ADA00ECE018 /* Munchie.png in Resources */ = {isa = PBXBuildFile; fileRef = 3F17E3F01C989AD900ECE018 /* Munchie.png */; };
		3F17E3F51C989ADA00ECE018 /* Squido.png in Resources */ = {isa = PBXBuildFile; fileRef = 3F17E3F11C989AD900ECE018 /* Squido.png */; };
		3FBBFBA71C9B362F00673E14 /* NewViewController.swift in Sources */ = {isa = PBXBuildFile; fileRef = 3FBBFBA61C9B362F00673E14 /* NewViewController.swift */; };
		3FBBFBA91C9B3B6700673E14 /* NewTableViewController.swift in Sources */ = {isa = PBXBuildFile; fileRef = 3FBBFBA81C9B3B6700673E14 /* NewTableViewController.swift */; };
/* End PBXBuildFile section */

/* Begin PBXFileReference section */
		3F17E3D71C98903200ECE018 /* FirstIosApp.app */ = {isa = PBXFileReference; explicitFileType = wrapper.application; includeInIndex = 0; path = FirstIosApp.app; sourceTree = BUILT_PRODUCTS_DIR; };
		3F17E3DA1C98903200ECE018 /* AppDelegate.swift */ = {isa = PBXFileReference; lastKnownFileType = sourcecode.swift; path = AppDelegate.swift; sourceTree = "<group>"; };
		3F17E3DC1C98903200ECE018 /* ViewController.swift */ = {isa = PBXFileReference; lastKnownFileType = sourcecode.swift; path = ViewController.swift; sourceTree = "<group>"; };
		3F17E3DF1C98903200ECE018 /* Base */ = {isa = PBXFileReference; lastKnownFileType = file.storyboard; name = Base; path = Base.lproj/Main.storyboard; sourceTree = "<group>"; };
		3F17E3E11C98903200ECE018 /* Assets.xcassets */ = {isa = PBXFileReference; lastKnownFileType = folder.assetcatalog; path = Assets.xcassets; sourceTree = "<group>"; };
		3F17E3E41C98903200ECE018 /* Base */ = {isa = PBXFileReference; lastKnownFileType = file.storyboard; name = Base; path = Base.lproj/LaunchScreen.storyboard; sourceTree = "<group>"; };
		3F17E3E61C98903200ECE018 /* Info.plist */ = {isa = PBXFileReference; lastKnownFileType = text.plist.xml; path = Info.plist; sourceTree = "<group>"; };
		3F17E3EC1C98961800ECE018 /* Jokes.swift */ = {isa = PBXFileReference; fileEncoding = 4; lastKnownFileType = sourcecode.swift; path = Jokes.swift; sourceTree = "<group>"; };
		3F17E3EE1C989AD900ECE018 /* Astro.png */ = {isa = PBXFileReference; lastKnownFileType = image.png; path = Astro.png; sourceTree = "<group>"; };
		3F17E3EF1C989AD900ECE018 /* Fluffy.png */ = {isa = PBXFileReference; lastKnownFileType = image.png; path = Fluffy.png; sourceTree = "<group>"; };
		3F17E3F01C989AD900ECE018 /* Munchie.png */ = {isa = PBXFileReference; lastKnownFileType = image.png; path = Munchie.png; sourceTree = "<group>"; };
		3F17E3F11C989AD900ECE018 /* Squido.png */ = {isa = PBXFileReference; lastKnownFileType = image.png; path = Squido.png; sourceTree = "<group>"; };
		3FBBFBA61C9B362F00673E14 /* NewViewController.swift */ = {isa = PBXFileReference; fileEncoding = 4; lastKnownFileType = sourcecode.swift; path = NewViewController.swift; sourceTree = "<group>"; };
		3FBBFBA81C9B3B6700673E14 /* NewTableViewController.swift */ = {isa = PBXFileReference; fileEncoding = 4; lastKnownFileType = sourcecode.swift; path = NewTableViewController.swift; sourceTree = "<group>"; };
/* End PBXFileReference section */

/* Begin PBXFrameworksBuildPhase section */
		3F17E3D41C98903200ECE018 /* Frameworks */ = {
			isa = PBXFrameworksBuildPhase;
			buildActionMask = 2147483647;
			files = (
			);
			runOnlyForDeploymentPostprocessing = 0;
		};
/* End PBXFrameworksBuildPhase section */

/* Begin PBXGroup section */
		3F17E3CE1C98903200ECE018 = {
			isa = PBXGroup;
			children = (
				3F17E3D91C98903200ECE018 /* FirstIosApp */,
				3F17E3D81C98903200ECE018 /* Products */,
			);
			sourceTree = "<group>";
		};
		3F17E3D81C98903200ECE018 /* Products */ = {
			isa = PBXGroup;
			children = (
				3F17E3D71C98903200ECE018 /* FirstIosApp.app */,
			);
			name = Products;
			sourceTree = "<group>";
		};
		3F17E3D91C98903200ECE018 /* FirstIosApp */ = {
			isa = PBXGroup;
			children = (
				3F17E3DA1C98903200ECE018 /* AppDelegate.swift */,
				3F17E3DC1C98903200ECE018 /* ViewController.swift */,
				3F17E3DE1C98903200ECE018 /* Main.storyboard */,
				3FBBFBA81C9B3B6700673E14 /* NewTableViewController.swift */,
				3FBBFBA61C9B362F00673E14 /* NewViewController.swift */,
				3F17E3E11C98903200ECE018 /* Assets.xcassets */,
				3F17E3E31C98903200ECE018 /* LaunchScreen.storyboard */,
				3F17E3E61C98903200ECE018 /* Info.plist */,
				3F17E3EC1C98961800ECE018 /* Jokes.swift */,
				3F17E3EE1C989AD900ECE018 /* Astro.png */,
				3F17E3EF1C989AD900ECE018 /* Fluffy.png */,
				3F17E3F01C989AD900ECE018 /* Munchie.png */,
				3F17E3F11C989AD900ECE018 /* Squido.png */,
			);
			path = FirstIosApp;
			sourceTree = "<group>";
		};
/* End PBXGroup section */

/* Begin PBXNativeTarget section */
		3F17E3D61C98903200ECE018 /* FirstIosApp */ = {
			isa = PBXNativeTarget;
			buildConfigurationList = 3F17E3E91C98903200ECE018 /* Build configuration list for PBXNativeTarget "FirstIosApp" */;
			buildPhases = (
				3F17E3D31C98903200ECE018 /* Sources */,
				3F17E3D41C98903200ECE018 /* Frameworks */,
				3F17E3D51C98903200ECE018 /* Resources */,
			);
			buildRules = (
			);
			dependencies = (
			);
			name = FirstIosApp;
			productName = FirstIosApp;
			productReference = 3F17E3D71C98903200ECE018 /* FirstIosApp.app */;
			productType = "com.apple.product-type.application";
		};
/* End PBXNativeTarget section */

/* Begin PBXProject section */
		3F17E3CF1C98903200ECE018 /* Project object */ = {
			isa = PBXProject;
			attributes = {
				LastSwiftUpdateCheck = 0720;
				LastUpgradeCheck = 0720;
				ORGANIZATIONNAME = Josh;
				TargetAttributes = {
					3F17E3D61C98903200ECE018 = {
						CreatedOnToolsVersion = 7.2;
					};
				};
			};
			buildConfigurationList = 3F17E3D21C98903200ECE018 /* Build configuration list for PBXProject "FirstIosApp" */;
			compatibilityVersion = "Xcode 3.2";
			developmentRegion = English;
			hasScannedForEncodings = 0;
			knownRegions = (
				en,
				Base,
			);
			mainGroup = 3F17E3CE1C98903200ECE018;
			productRefGroup = 3F17E3D81C98903200ECE018 /* Products */;
			projectDirPath = "";
			projectRoot = "";
			targets = (
				3F17E3D61C98903200ECE018 /* FirstIosApp */,
			);
		};
/* End PBXProject section */

/* Begin PBXResourcesBuildPhase section */
		3F17E3D51C98903200ECE018 /* Resources */ = {
			isa = PBXResourcesBuildPhase;
			buildActionMask = 2147483647;
			files = (
				3F17E3E51C98903200ECE018 /* LaunchScreen.storyboard in Resources */,
				3F17E3F41C989ADA00ECE018 /* Munchie.png in Resources */,
				3F17E3F31C989ADA00ECE018 /* Fluffy.png in Resources */,
				3F17E3F21C989ADA00ECE018 /* Astro.png in Resources */,
				3F17E3E21C98903200ECE018 /* Assets.xcassets in Resources */,
				3F17E3E01C98903200ECE018 /* Main.storyboard in Resources */,
				3F17E3F51C989ADA00ECE018 /* Squido.png in Resources */,
			);
			runOnlyForDeploymentPostprocessing = 0;
		};
/* End PBXResourcesBuildPhase section */

/* Begin PBXSourcesBuildPhase section */
		3F17E3D31C98903200ECE018 /* Sources */ = {
			isa = PBXSourcesBuildPhase;
			buildActionMask = 2147483647;
			files = (
				3FBBFBA91C9B3B6700673E14 /* NewTableViewController.swift in Sources */,
				3F17E3DD1C98903200ECE018 /* ViewController.swift in Sources */,
				3F17E3ED1C98961800ECE018 /* Jokes.swift in Sources */,
				3F17E3DB1C98903200ECE018 /* AppDelegate.swift in Sources */,
				3FBBFBA71C9B362F00673E14 /* NewViewController.swift in Sources */,
			);
			runOnlyForDeploymentPostprocessing = 0;
		};
/* End PBXSourcesBuildPhase section */

/* Begin PBXVariantGroup section */
		3F17E3DE1C98903200ECE018 /* Main.storyboard */ = {
			isa = PBXVariantGroup;
			children = (
				3F17E3DF1C98903200ECE018 /* Base */,
			);
			name = Main.storyboard;
			sourceTree = "<group>";
		};
		3F17E3E31C98903200ECE018 /* LaunchScreen.storyboard */ = {
			isa = PBXVariantGroup;
			children = (
				3F17E3E41C98903200ECE018 /* Base */,
			);
			name = LaunchScreen.storyboard;
			sourceTree = "<group>";
		};
/* End PBXVariantGroup section */

/* Begin XCBuildConfiguration section */
		3F17E3E71C98903200ECE018 /* Debug */ = {
			isa = XCBuildConfiguration;
			buildSettings = {
				ALWAYS_SEARCH_USER_PATHS = NO;
				CLANG_CXX_LANGUAGE_STANDARD = "gnu++0x";
				CLANG_CXX_LIBRARY = "libc++";
				CLANG_ENABLE_MODULES = YES;
				CLANG_ENABLE_OBJC_ARC = YES;
				CLANG_WARN_BOOL_CONVERSION = YES;
				CLANG_WARN_CONSTANT_CONVERSION = YES;
				CLANG_WARN_DIRECT_OBJC_ISA_USAGE = YES_ERROR;
				CLANG_WARN_EMPTY_BODY = YES;
				CLANG_WARN_ENUM_CONVERSION = YES;
				CLANG_WARN_INT_CONVERSION = YES;
				CLANG_WARN_OBJC_ROOT_CLASS = YES_ERROR;
				CLANG_WARN_UNREACHABLE_CODE = YES;
				CLANG_WARN__DUPLICATE_METHOD_MATCH = YES;
				"CODE_SIGN_IDENTITY[sdk=iphoneos*]" = "iPhone Developer";
				COPY_PHASE_STRIP = NO;
				DEBUG_INFORMATION_FORMAT = dwarf;
				ENABLE_STRICT_OBJC_MSGSEND = YES;
				ENABLE_TESTABILITY = YES;
				GCC_C_LANGUAGE_STANDARD = gnu99;
				GCC_DYNAMIC_NO_PIC = NO;
				GCC_NO_COMMON_BLOCKS = YES;
				GCC_OPTIMIZATION_LEVEL = 0;
				GCC_PREPROCESSOR_DEFINITIONS = (
					"DEBUG=1",
					"$(inherited)",
				);
				GCC_WARN_64_TO_32_BIT_CONVERSION = YES;
				GCC_WARN_ABOUT_RETURN_TYPE = YES_ERROR;
				GCC_WARN_UNDECLARED_SELECTOR = YES;
				GCC_WARN_UNINITIALIZED_AUTOS = YES_AGGRESSIVE;
				GCC_WARN_UNUSED_FUNCTION = YES;
				GCC_WARN_UNUSED_VARIABLE = YES;
				IPHONEOS_DEPLOYMENT_TARGET = 9.2;
				MTL_ENABLE_DEBUG_INFO = YES;
				ONLY_ACTIVE_ARCH = YES;
				SDKROOT = iphoneos;
				SWIFT_OPTIMIZATION_LEVEL = "-Onone";
			};
			name = Debug;
		};
		3F17E3E81C98903200ECE018 /* Release */ = {
			isa = XCBuildConfiguration;
			buildSettings = {
				ALWAYS_SEARCH_USER_PATHS = NO;
				CLANG_CXX_LANGUAGE_STANDARD = "gnu++0x";
				CLANG_CXX_LIBRARY = "libc++";
				CLANG_ENABLE_MODULES = YES;
				CLANG_ENABLE_OBJC_ARC = YES;
				CLANG_WARN_BOOL_CONVERSION = YES;
				CLANG_WARN_CONSTANT_CONVERSION = YES;
				CLANG_WARN_DIRECT_OBJC_ISA_USAGE = YES_ERROR;
				CLANG_WARN_EMPTY_BODY = YES;
				CLANG_WARN_ENUM_CONVERSION = YES;
				CLANG_WARN_INT_CONVERSION = YES;
				CLANG_WARN_OBJC_ROOT_CLASS = YES_ERROR;
				CLANG_WARN_UNREACHABLE_CODE = YES;
				CLANG_WARN__DUPLICATE_METHOD_MATCH = YES;
				"CODE_SIGN_IDENTITY[sdk=iphoneos*]" = "iPhone Developer";
				COPY_PHASE_STRIP = NO;
				DEBUG_INFORMATION_FORMAT = "dwarf-with-dsym";
				ENABLE_NS_ASSERTIONS = NO;
				ENABLE_STRICT_OBJC_MSGSEND = YES;
				GCC_C_LANGUAGE_STANDARD = gnu99;
				GCC_NO_COMMON_BLOCKS = YES;
				GCC_WARN_64_TO_32_BIT_CONVERSION = YES;
				GCC_WARN_ABOUT_RETURN_TYPE = YES_ERROR;
				GCC_WARN_UNDECLARED_SELECTOR = YES;
				GCC_WARN_UNINITIALIZED_AUTOS = YES_AGGRESSIVE;
				GCC_WARN_UNUSED_FUNCTION = YES;
				GCC_WARN_UNUSED_VARIABLE = YES;
				IPHONEOS_DEPLOYMENT_TARGET = 9.2;
				MTL_ENABLE_DEBUG_INFO = NO;
				SDKROOT = iphoneos;
				VALIDATE_PRODUCT = YES;
			};
			name = Release;
		};
		3F17E3EA1C98903200ECE018 /* Debug */ = {
			isa = XCBuildConfiguration;
			buildSettings = {
				ASSETCATALOG_COMPILER_APPICON_NAME = AppIcon;
				INFOPLIST_FILE = FirstIosApp/Info.plist;
				LD_RUNPATH_SEARCH_PATHS = "$(inherited) @executable_path/Frameworks";
				PRODUCT_BUNDLE_IDENTIFIER = Josh.com.FirstIosApp;
				PRODUCT_NAME = "$(TARGET_NAME)";
			};
			name = Debug;
		};
		3F17E3EB1C98903200ECE018 /* Release */ = {
			isa = XCBuildConfiguration;
			buildSettings = {
				ASSETCATALOG_COMPILER_APPICON_NAME = AppIcon;
				INFOPLIST_FILE = FirstIosApp/Info.plist;
				LD_RUNPATH_SEARCH_PATHS = "$(inherited) @executable_path/Frameworks";
				PRODUCT_BUNDLE_IDENTIFIER = Josh.com.FirstIosApp;
				PRODUCT_NAME = "$(TARGET_NAME)";
			};
			name = Release;
		};
/* End XCBuildConfiguration section */

/* Begin XCConfigurationList section */
		3F17E3D21C98903200ECE018 /* Build configuration list for PBXProject "FirstIosApp" */ = {
			isa = XCConfigurationList;
			buildConfigurations = (
				3F17E3E71C98903200ECE018 /* Debug */,
				3F17E3E81C98903200ECE018 /* Release */,
			);
			defaultConfigurationIsVisible = 0;
			defaultConfigurationName = Release;
		};
		3F17E3E91C98903200ECE018 /* Build configuration list for PBXNativeTarget "FirstIosApp" */ = {
			isa = XCConfigurationList;
			buildConfigurations = (
				3F17E3EA1C98903200ECE018 /* Debug */,
				3F17E3EB1C98903200ECE018 /* Release */,
			);
			defaultConfigurationIsVisible = 0;
			defaultConfigurationName = Release;
		};
/* End XCConfigurationList section */
	};
	rootObject = 3F17E3CF1C98903200ECE018 /* Project object */;
}
